
Microsoft Visual Studio Solution File, Format Version 12.00
# Visual Studio Version 16
VisualStudioVersion = 16.0.31402.337
MinimumVisualStudioVersion = 10.0.40219.1
Project("{9A19103F-16F7-4668-BE54-9A1E7A4F7556}") = "StudentMark", "OnlineShop\StudentMark.csproj", "{7014AE3B-AA31-433B-A762-F68036DE53EB}"
EndProject
Global
	GlobalSection(SolutionConfigurationPlatforms) = preSolution
		Debug|Any CPU = Debug|Any CPU
		Release|Any CPU = Release|Any CPU
	EndGlobalSection
	GlobalSection(ProjectConfigurationPlatforms) = postSolution
		{7014AE3B-AA31-433B-A762-F68036DE53EB}.Debug|Any CPU.ActiveCfg = Debug|Any CPU
		{7014AE3B-AA31-433B-A762-F68036DE53EB}.Debug|Any CPU.Build.0 = Debug|Any CPU
		{7014AE3B-AA31-433B-A762-F68036DE53EB}.Release|Any CPU.ActiveCfg = Release|Any CPU
		{7014AE3B-AA31-433B-A762-F68036DE53EB}.Release|Any CPU.Build.0 = Release|Any CPU
	EndGlobalSection
	GlobalSection(SolutionProperties) = preSolution
		HideSolutionNode = FALSE
	EndGlobalSection
	GlobalSection(ExtensibilityGlobals) = postSolution
		SolutionGuid = {50B730EB-EE0D-49FA-9243-EE625A6CF356}
	EndGlobalSection
EndGlobal
